
Microsoft Visual Studio Solution File, Format Version 12.00
# Visual Studio Version 17
VisualStudioVersion = 17.4.33205.214
MinimumVisualStudioVersion = 10.0.40219.1
Project("{FAE04EC0-301F-11D3-BF4B-00C04F79EFBC}") = "LibrarySystem", "LibrarySystem.csproj", "{9340D924-3141-4EEC-B655-9289929E2389}"
EndProject
Global
	GlobalSection(SolutionConfigurationPlatforms) = preSolution
		Debug|Any CPU = Debug|Any CPU
		Release|Any CPU = Release|Any CPU
	EndGlobalSection
	GlobalSection(ProjectConfigurationPlatforms) = postSolution
		{9340D924-3141-4EEC-B655-9289929E2389}.Debug|Any CPU.ActiveCfg = Debug|Any CPU
		{9340D924-3141-4EEC-B655-9289929E2389}.Debug|Any CPU.Build.0 = Debug|Any CPU
		{9340D924-3141-4EEC-B655-9289929E2389}.Release|Any CPU.ActiveCfg = Release|Any CPU
		{9340D924-3141-4EEC-B655-9289929E2389}.Release|Any CPU.Build.0 = Release|Any CPU
	EndGlobalSection
	GlobalSection(SolutionProperties) = preSolution
		HideSolutionNode = FALSE
	EndGlobalSection
	GlobalSection(ExtensibilityGlobals) = postSolution
		SolutionGuid = {69097204-68D6-4BFE-9E28-A17D0B1B4DFE}
	EndGlobalSection
EndGlobal
